// !$*UTF8*$!
{
	archiveVersion = 1;
	classes = {
	};
	objectVersion = 50;
	objects = {

/* Begin PBXBuildFile section */
		F2196F6E240E657700997534 /* TaskServiceType.swift in Sources */ = {isa = PBXBuildFile; fileRef = F2196F6D240E657700997534 /* TaskServiceType.swift */; };
		F2196F70240E6E7300997534 /* DayServiceType.swift in Sources */ = {isa = PBXBuildFile; fileRef = F2196F6F240E6E7300997534 /* DayServiceType.swift */; };
		F2760BE6240BFB3600254DE4 /* AppDelegate.swift in Sources */ = {isa = PBXBuildFile; fileRef = F2760BE5240BFB3600254DE4 /* AppDelegate.swift */; };
		F2760BE8240BFB3600254DE4 /* SceneDelegate.swift in Sources */ = {isa = PBXBuildFile; fileRef = F2760BE7240BFB3600254DE4 /* SceneDelegate.swift */; };
		F2760BEA240BFB3600254DE4 /* ViewController.swift in Sources */ = {isa = PBXBuildFile; fileRef = F2760BE9240BFB3600254DE4 /* ViewController.swift */; };
		F2760BED240BFB3600254DE4 /* Main.storyboard in Resources */ = {isa = PBXBuildFile; fileRef = F2760BEB240BFB3600254DE4 /* Main.storyboard */; };
		F2760BF0240BFB3600254DE4 /* ToDoList.xcdatamodeld in Sources */ = {isa = PBXBuildFile; fileRef = F2760BEE240BFB3600254DE4 /* ToDoList.xcdatamodeld */; };
		F2760BF2240BFB3B00254DE4 /* Assets.xcassets in Resources */ = {isa = PBXBuildFile; fileRef = F2760BF1240BFB3B00254DE4 /* Assets.xcassets */; };
		F2760BF5240BFB3B00254DE4 /* LaunchScreen.storyboard in Resources */ = {isa = PBXBuildFile; fileRef = F2760BF3240BFB3B00254DE4 /* LaunchScreen.storyboard */; };
/* End PBXBuildFile section */

/* Begin PBXFileReference section */
		F2196F6D240E657700997534 /* TaskServiceType.swift */ = {isa = PBXFileReference; lastKnownFileType = sourcecode.swift; path = TaskServiceType.swift; sourceTree = "<group>"; };
		F2196F6F240E6E7300997534 /* DayServiceType.swift */ = {isa = PBXFileReference; lastKnownFileType = sourcecode.swift; path = DayServiceType.swift; sourceTree = "<group>"; };
		F2760BE2240BFB3600254DE4 /* ToDoList.app */ = {isa = PBXFileReference; explicitFileType = wrapper.application; includeInIndex = 0; path = ToDoList.app; sourceTree = BUILT_PRODUCTS_DIR; };
		F2760BE5240BFB3600254DE4 /* AppDelegate.swift */ = {isa = PBXFileReference; lastKnownFileType = sourcecode.swift; path = AppDelegate.swift; sourceTree = "<group>"; };
		F2760BE7240BFB3600254DE4 /* SceneDelegate.swift */ = {isa = PBXFileReference; lastKnownFileType = sourcecode.swift; path = SceneDelegate.swift; sourceTree = "<group>"; };
		F2760BE9240BFB3600254DE4 /* ViewController.swift */ = {isa = PBXFileReference; lastKnownFileType = sourcecode.swift; path = ViewController.swift; sourceTree = "<group>"; };
		F2760BEC240BFB3600254DE4 /* Base */ = {isa = PBXFileReference; lastKnownFileType = file.storyboard; name = Base; path = Base.lproj/Main.storyboard; sourceTree = "<group>"; };
		F2760BEF240BFB3600254DE4 /* ToDoList.xcdatamodel */ = {isa = PBXFileReference; lastKnownFileType = wrapper.xcdatamodel; path = ToDoList.xcdatamodel; sourceTree = "<group>"; };
		F2760BF1240BFB3B00254DE4 /* Assets.xcassets */ = {isa = PBXFileReference; lastKnownFileType = folder.assetcatalog; path = Assets.xcassets; sourceTree = "<group>"; };
		F2760BF4240BFB3B00254DE4 /* Base */ = {isa = PBXFileReference; lastKnownFileType = file.storyboard; name = Base; path = Base.lproj/LaunchScreen.storyboard; sourceTree = "<group>"; };
		F2760BF6240BFB3B00254DE4 /* Info.plist */ = {isa = PBXFileReference; lastKnownFileType = text.plist.xml; path = Info.plist; sourceTree = "<group>"; };
/* End PBXFileReference section */

/* Begin PBXFrameworksBuildPhase section */
		F2760BDF240BFB3600254DE4 /* Frameworks */ = {
			isa = PBXFrameworksBuildPhase;
			buildActionMask = 2147483647;
			files = (
			);
			runOnlyForDeploymentPostprocessing = 0;
		};
/* End PBXFrameworksBuildPhase section */

/* Begin PBXGroup section */
		F2760BD9240BFB3600254DE4 = {
			isa = PBXGroup;
			children = (
				F2760BE4240BFB3600254DE4 /* ToDoList */,
				F2760BE3240BFB3600254DE4 /* Products */,
			);
			sourceTree = "<group>";
		};
		F2760BE3240BFB3600254DE4 /* Products */ = {
			isa = PBXGroup;
			children = (
				F2760BE2240BFB3600254DE4 /* ToDoList.app */,
			);
			name = Products;
			sourceTree = "<group>";
		};
		F2760BE4240BFB3600254DE4 /* ToDoList */ = {
			isa = PBXGroup;
			children = (
				F2C1BB2A240CE70F00046492 /* Model */,
				F2C1BB2B240CE8FB00046492 /* View */,
				F2C1BB2E240CE9F100046492 /* Business */,
				F2C1BB32240D2D2200046492 /* Service */,
				F2760BE5240BFB3600254DE4 /* AppDelegate.swift */,
				F2760BE7240BFB3600254DE4 /* SceneDelegate.swift */,
				F2760BF1240BFB3B00254DE4 /* Assets.xcassets */,
				F2760BF3240BFB3B00254DE4 /* LaunchScreen.storyboard */,
				F2760BF6240BFB3B00254DE4 /* Info.plist */,
			);
			path = ToDoList;
			sourceTree = "<group>";
		};
		F2C1BB2A240CE70F00046492 /* Model */ = {
			isa = PBXGroup;
			children = (
				F2760BEE240BFB3600254DE4 /* ToDoList.xcdatamodeld */,
			);
			path = Model;
			sourceTree = "<group>";
		};
		F2C1BB2B240CE8FB00046492 /* View */ = {
			isa = PBXGroup;
			children = (
				F2C1BB2D240CE93000046492 /* ViewController */,
				F2C1BB2C240CE92400046492 /* Storyboard */,
			);
			path = View;
			sourceTree = "<group>";
		};
		F2C1BB2C240CE92400046492 /* Storyboard */ = {
			isa = PBXGroup;
			children = (
				F2760BEB240BFB3600254DE4 /* Main.storyboard */,
			);
			path = Storyboard;
			sourceTree = "<group>";
		};
		F2C1BB2D240CE93000046492 /* ViewController */ = {
			isa = PBXGroup;
			children = (
				F2760BE9240BFB3600254DE4 /* ViewController.swift */,
			);
			path = ViewController;
			sourceTree = "<group>";
		};
		F2C1BB2E240CE9F100046492 /* Business */ = {
			isa = PBXGroup;
			children = (
				F2C1BB31240D2CFE00046492 /* ViewModel */,
			);
			path = Business;
			sourceTree = "<group>";
		};
		F2C1BB31240D2CFE00046492 /* ViewModel */ = {
			isa = PBXGroup;
			children = (
			);
			path = ViewModel;
			sourceTree = "<group>";
		};
		F2C1BB32240D2D2200046492 /* Service */ = {
			isa = PBXGroup;
			children = (
				F2196F6D240E657700997534 /* TaskServiceType.swift */,
				F2196F6F240E6E7300997534 /* DayServiceType.swift */,
			);
			path = Service;
			sourceTree = "<group>";
		};
/* End PBXGroup section */

/* Begin PBXNativeTarget section */
		F2760BE1240BFB3600254DE4 /* ToDoList */ = {
			isa = PBXNativeTarget;
			buildConfigurationList = F2760BF9240BFB3B00254DE4 /* Build configuration list for PBXNativeTarget "ToDoList" */;
			buildPhases = (
				F2760BDE240BFB3600254DE4 /* Sources */,
				F2760BDF240BFB3600254DE4 /* Frameworks */,
				F2760BE0240BFB3600254DE4 /* Resources */,
			);
			buildRules = (
			);
			dependencies = (
			);
			name = ToDoList;
			productName = ToDoList;
			productReference = F2760BE2240BFB3600254DE4 /* ToDoList.app */;
			productType = "com.apple.product-type.application";
		};
/* End PBXNativeTarget section */

/* Begin PBXProject section */
		F2760BDA240BFB3600254DE4 /* Project object */ = {
			isa = PBXProject;
			attributes = {
				LastSwiftUpdateCheck = 1120;
				LastUpgradeCheck = 1120;
				ORGANIZATIONNAME = "Dream Catcher";
				TargetAttributes = {
					F2760BE1240BFB3600254DE4 = {
						CreatedOnToolsVersion = 11.2.1;
					};
				};
			};
			buildConfigurationList = F2760BDD240BFB3600254DE4 /* Build configuration list for PBXProject "ToDoList" */;
			compatibilityVersion = "Xcode 9.3";
			developmentRegion = en;
			hasScannedForEncodings = 0;
			knownRegions = (
				en,
				Base,
			);
			mainGroup = F2760BD9240BFB3600254DE4;
			productRefGroup = F2760BE3240BFB3600254DE4 /* Products */;
			projectDirPath = "";
			projectRoot = "";
			targets = (
				F2760BE1240BFB3600254DE4 /* ToDoList */,
			);
		};
/* End PBXProject section */

/* Begin PBXResourcesBuildPhase section */
		F2760BE0240BFB3600254DE4 /* Resources */ = {
			isa = PBXResourcesBuildPhase;
			buildActionMask = 2147483647;
			files = (
				F2760BF5240BFB3B00254DE4 /* LaunchScreen.storyboard in Resources */,
				F2760BF2240BFB3B00254DE4 /* Assets.xcassets in Resources */,
				F2760BED240BFB3600254DE4 /* Main.storyboard in Resources */,
			);
			runOnlyForDeploymentPostprocessing = 0;
		};
/* End PBXResourcesBuildPhase section */

/* Begin PBXSourcesBuildPhase section */
		F2760BDE240BFB3600254DE4 /* Sources */ = {
			isa = PBXSourcesBuildPhase;
			buildActionMask = 2147483647;
			files = (
				F2196F6E240E657700997534 /* TaskServiceType.swift in Sources */,
				F2760BEA240BFB3600254DE4 /* ViewController.swift in Sources */,
				F2196F70240E6E7300997534 /* DayServiceType.swift in Sources */,
				F2760BE6240BFB3600254DE4 /* AppDelegate.swift in Sources */,
				F2760BE8240BFB3600254DE4 /* SceneDelegate.swift in Sources */,
				F2760BF0240BFB3600254DE4 /* ToDoList.xcdatamodeld in Sources */,
			);
			runOnlyForDeploymentPostprocessing = 0;
		};
/* End PBXSourcesBuildPhase section */

/* Begin PBXVariantGroup section */
		F2760BEB240BFB3600254DE4 /* Main.storyboard */ = {
			isa = PBXVariantGroup;
			children = (
				F2760BEC240BFB3600254DE4 /* Base */,
			);
			name = Main.storyboard;
			sourceTree = "<group>";
		};
		F2760BF3240BFB3B00254DE4 /* LaunchScreen.storyboard */ = {
			isa = PBXVariantGroup;
			children = (
				F2760BF4240BFB3B00254DE4 /* Base */,
			);
			name = LaunchScreen.storyboard;
			sourceTree = "<group>";
		};
/* End PBXVariantGroup section */

/* Begin XCBuildConfiguration section */
		F2760BF7240BFB3B00254DE4 /* Debug */ = {
			isa = XCBuildConfiguration;
			buildSettings = {
				ALWAYS_SEARCH_USER_PATHS = NO;
				CLANG_ANALYZER_NONNULL = YES;
				CLANG_ANALYZER_NUMBER_OBJECT_CONVERSION = YES_AGGRESSIVE;
				CLANG_CXX_LANGUAGE_STANDARD = "gnu++14";
				CLANG_CXX_LIBRARY = "libc++";
				CLANG_ENABLE_MODULES = YES;
				CLANG_ENABLE_OBJC_ARC = YES;
				CLANG_ENABLE_OBJC_WEAK = YES;
				CLANG_WARN_BLOCK_CAPTURE_AUTORELEASING = YES;
				CLANG_WARN_BOOL_CONVERSION = YES;
				CLANG_WARN_COMMA = YES;
				CLANG_WARN_CONSTANT_CONVERSION = YES;
				CLANG_WARN_DEPRECATED_OBJC_IMPLEMENTATIONS = YES;
				CLANG_WARN_DIRECT_OBJC_ISA_USAGE = YES_ERROR;
				CLANG_WARN_DOCUMENTATION_COMMENTS = YES;
				CLANG_WARN_EMPTY_BODY = YES;
				CLANG_WARN_ENUM_CONVERSION = YES;
				CLANG_WARN_INFINITE_RECURSION = YES;
				CLANG_WARN_INT_CONVERSION = YES;
				CLANG_WARN_NON_LITERAL_NULL_CONVERSION = YES;
				CLANG_WARN_OBJC_IMPLICIT_RETAIN_SELF = YES;
				CLANG_WARN_OBJC_LITERAL_CONVERSION = YES;
				CLANG_WARN_OBJC_ROOT_CLASS = YES_ERROR;
				CLANG_WARN_RANGE_LOOP_ANALYSIS = YES;
				CLANG_WARN_STRICT_PROTOTYPES = YES;
				CLANG_WARN_SUSPICIOUS_MOVE = YES;
				CLANG_WARN_UNGUARDED_AVAILABILITY = YES_AGGRESSIVE;
				CLANG_WARN_UNREACHABLE_CODE = YES;
				CLANG_WARN__DUPLICATE_METHOD_MATCH = YES;
				COPY_PHASE_STRIP = NO;
				DEBUG_INFORMATION_FORMAT = dwarf;
				ENABLE_STRICT_OBJC_MSGSEND = YES;
				ENABLE_TESTABILITY = YES;
				GCC_C_LANGUAGE_STANDARD = gnu11;
				GCC_DYNAMIC_NO_PIC = NO;
				GCC_NO_COMMON_BLOCKS = YES;
				GCC_OPTIMIZATION_LEVEL = 0;
				GCC_PREPROCESSOR_DEFINITIONS = (
					"DEBUG=1",
					"$(inherited)",
				);
				GCC_WARN_64_TO_32_BIT_CONVERSION = YES;
				GCC_WARN_ABOUT_RETURN_TYPE = YES_ERROR;
				GCC_WARN_UNDECLARED_SELECTOR = YES;
				GCC_WARN_UNINITIALIZED_AUTOS = YES_AGGRESSIVE;
				GCC_WARN_UNUSED_FUNCTION = YES;
				GCC_WARN_UNUSED_VARIABLE = YES;
				IPHONEOS_DEPLOYMENT_TARGET = 13.2;
				MTL_ENABLE_DEBUG_INFO = INCLUDE_SOURCE;
				MTL_FAST_MATH = YES;
				ONLY_ACTIVE_ARCH = YES;
				SDKROOT = iphoneos;
				SWIFT_ACTIVE_COMPILATION_CONDITIONS = DEBUG;
				SWIFT_OPTIMIZATION_LEVEL = "-Onone";
			};
			name = Debug;
		};
		F2760BF8240BFB3B00254DE4 /* Release */ = {
			isa = XCBuildConfiguration;
			buildSettings = {
				ALWAYS_SEARCH_USER_PATHS = NO;
				CLANG_ANALYZER_NONNULL = YES;
				CLANG_ANALYZER_NUMBER_OBJECT_CONVERSION = YES_AGGRESSIVE;
				CLANG_CXX_LANGUAGE_STANDARD = "gnu++14";
				CLANG_CXX_LIBRARY = "libc++";
				CLANG_ENABLE_MODULES = YES;
				CLANG_ENABLE_OBJC_ARC = YES;
				CLANG_ENABLE_OBJC_WEAK = YES;
				CLANG_WARN_BLOCK_CAPTURE_AUTORELEASING = YES;
				CLANG_WARN_BOOL_CONVERSION = YES;
				CLANG_WARN_COMMA = YES;
				CLANG_WARN_CONSTANT_CONVERSION = YES;
				CLANG_WARN_DEPRECATED_OBJC_IMPLEMENTATIONS = YES;
				CLANG_WARN_DIRECT_OBJC_ISA_USAGE = YES_ERROR;
				CLANG_WARN_DOCUMENTATION_COMMENTS = YES;
				CLANG_WARN_EMPTY_BODY = YES;
				CLANG_WARN_ENUM_CONVERSION = YES;
				CLANG_WARN_INFINITE_RECURSION = YES;
				CLANG_WARN_INT_CONVERSION = YES;
				CLANG_WARN_NON_LITERAL_NULL_CONVERSION = YES;
				CLANG_WARN_OBJC_IMPLICIT_RETAIN_SELF = YES;
				CLANG_WARN_OBJC_LITERAL_CONVERSION = YES;
				CLANG_WARN_OBJC_ROOT_CLASS = YES_ERROR;
				CLANG_WARN_RANGE_LOOP_ANALYSIS = YES;
				CLANG_WARN_STRICT_PROTOTYPES = YES;
				CLANG_WARN_SUSPICIOUS_MOVE = YES;
				CLANG_WARN_UNGUARDED_AVAILABILITY = YES_AGGRESSIVE;
				CLANG_WARN_UNREACHABLE_CODE = YES;
				CLANG_WARN__DUPLICATE_METHOD_MATCH = YES;
				COPY_PHASE_STRIP = NO;
				DEBUG_INFORMATION_FORMAT = "dwarf-with-dsym";
				ENABLE_NS_ASSERTIONS = NO;
				ENABLE_STRICT_OBJC_MSGSEND = YES;
				GCC_C_LANGUAGE_STANDARD = gnu11;
				GCC_NO_COMMON_BLOCKS = YES;
				GCC_WARN_64_TO_32_BIT_CONVERSION = YES;
				GCC_WARN_ABOUT_RETURN_TYPE = YES_ERROR;
				GCC_WARN_UNDECLARED_SELECTOR = YES;
				GCC_WARN_UNINITIALIZED_AUTOS = YES_AGGRESSIVE;
				GCC_WARN_UNUSED_FUNCTION = YES;
				GCC_WARN_UNUSED_VARIABLE = YES;
				IPHONEOS_DEPLOYMENT_TARGET = 13.2;
				MTL_ENABLE_DEBUG_INFO = NO;
				MTL_FAST_MATH = YES;
				SDKROOT = iphoneos;
				SWIFT_COMPILATION_MODE = wholemodule;
				SWIFT_OPTIMIZATION_LEVEL = "-O";
				VALIDATE_PRODUCT = YES;
			};
			name = Release;
		};
		F2760BFA240BFB3B00254DE4 /* Debug */ = {
			isa = XCBuildConfiguration;
			buildSettings = {
				ASSETCATALOG_COMPILER_APPICON_NAME = AppIcon;
				CODE_SIGN_STYLE = Automatic;
				DEVELOPMENT_TEAM = 8W28R8275P;
				INFOPLIST_FILE = ToDoList/Info.plist;
				LD_RUNPATH_SEARCH_PATHS = (
					"$(inherited)",
					"@executable_path/Frameworks",
				);
				PRODUCT_BUNDLE_IDENTIFIER = com.dreamcatcher.ToDoList;
				PRODUCT_NAME = "$(TARGET_NAME)";
				SWIFT_VERSION = 5.0;
				TARGETED_DEVICE_FAMILY = "1,2";
			};
			name = Debug;
		};
		F2760BFB240BFB3B00254DE4 /* Release */ = {
			isa = XCBuildConfiguration;
			buildSettings = {
				ASSETCATALOG_COMPILER_APPICON_NAME = AppIcon;
				CODE_SIGN_STYLE = Automatic;
				DEVELOPMENT_TEAM = 8W28R8275P;
				INFOPLIST_FILE = ToDoList/Info.plist;
				LD_RUNPATH_SEARCH_PATHS = (
					"$(inherited)",
					"@executable_path/Frameworks",
				);
				PRODUCT_BUNDLE_IDENTIFIER = com.dreamcatcher.ToDoList;
				PRODUCT_NAME = "$(TARGET_NAME)";
				SWIFT_VERSION = 5.0;
				TARGETED_DEVICE_FAMILY = "1,2";
			};
			name = Release;
		};
/* End XCBuildConfiguration section */

/* Begin XCConfigurationList section */
		F2760BDD240BFB3600254DE4 /* Build configuration list for PBXProject "ToDoList" */ = {
			isa = XCConfigurationList;
			buildConfigurations = (
				F2760BF7240BFB3B00254DE4 /* Debug */,
				F2760BF8240BFB3B00254DE4 /* Release */,
			);
			defaultConfigurationIsVisible = 0;
			defaultConfigurationName = Release;
		};
		F2760BF9240BFB3B00254DE4 /* Build configuration list for PBXNativeTarget "ToDoList" */ = {
			isa = XCConfigurationList;
			buildConfigurations = (
				F2760BFA240BFB3B00254DE4 /* Debug */,
				F2760BFB240BFB3B00254DE4 /* Release */,
			);
			defaultConfigurationIsVisible = 0;
			defaultConfigurationName = Release;
		};
/* End XCConfigurationList section */

/* Begin XCVersionGroup section */
		F2760BEE240BFB3600254DE4 /* ToDoList.xcdatamodeld */ = {
			isa = XCVersionGroup;
			children = (
				F2760BEF240BFB3600254DE4 /* ToDoList.xcdatamodel */,
			);
			currentVersion = F2760BEF240BFB3600254DE4 /* ToDoList.xcdatamodel */;
			path = ToDoList.xcdatamodeld;
			sourceTree = "<group>";
			versionGroupType = wrapper.xcdatamodel;
		};
/* End XCVersionGroup section */
	};
	rootObject = F2760BDA240BFB3600254DE4 /* Project object */;
}
